
Microsoft Visual Studio Solution File, Format Version 12.00
# Visual Studio Version 16
VisualStudioVersion = 16.0.30611.23
MinimumVisualStudioVersion = 10.0.40219.1
Project("{FAE04EC0-301F-11D3-BF4B-00C04F79EFBC}") = "SITConnect", "SITConnect\SITConnect.csproj", "{8C28C3A7-50D8-47EA-9D5C-9FE5E6E3028F}"
EndProject
Global
	GlobalSection(SolutionConfigurationPlatforms) = preSolution
		Debug|Any CPU = Debug|Any CPU
		Release|Any CPU = Release|Any CPU
	EndGlobalSection
	GlobalSection(ProjectConfigurationPlatforms) = postSolution
		{8C28C3A7-50D8-47EA-9D5C-9FE5E6E3028F}.Debug|Any CPU.ActiveCfg = Debug|Any CPU
		{8C28C3A7-50D8-47EA-9D5C-9FE5E6E3028F}.Debug|Any CPU.Build.0 = Debug|Any CPU
		{8C28C3A7-50D8-47EA-9D5C-9FE5E6E3028F}.Release|Any CPU.ActiveCfg = Release|Any CPU
		{8C28C3A7-50D8-47EA-9D5C-9FE5E6E3028F}.Release|Any CPU.Build.0 = Release|Any CPU
	EndGlobalSection
	GlobalSection(SolutionProperties) = preSolution
		HideSolutionNode = FALSE
	EndGlobalSection
	GlobalSection(ExtensibilityGlobals) = postSolution
		SolutionGuid = {4538B26C-45A1-4ECB-8572-70F56893E2CE}
	EndGlobalSection
EndGlobal
